
Microsoft Visual Studio Solution File, Format Version 12.00
# Visual Studio 15
VisualStudioVersion = 15.0.27703.2047
MinimumVisualStudioVersion = 10.0.40219.1
Project("{9A19103F-16F7-4668-BE54-9A1E7A4F7556}") = "cloudeventsformatdemo", "cloudeventsformatdemo.csproj", "{A3466641-5D25-4BF7-8D44-49FB33F9DD6C}"
EndProject
Global
	GlobalSection(SolutionConfigurationPlatforms) = preSolution
		Debug|Any CPU = Debug|Any CPU
		Release|Any CPU = Release|Any CPU
	EndGlobalSection
	GlobalSection(ProjectConfigurationPlatforms) = postSolution
		{A3466641-5D25-4BF7-8D44-49FB33F9DD6C}.Debug|Any CPU.ActiveCfg = Debug|Any CPU
		{A3466641-5D25-4BF7-8D44-49FB33F9DD6C}.Debug|Any CPU.Build.0 = Debug|Any CPU
		{A3466641-5D25-4BF7-8D44-49FB33F9DD6C}.Release|Any CPU.ActiveCfg = Release|Any CPU
		{A3466641-5D25-4BF7-8D44-49FB33F9DD6C}.Release|Any CPU.Build.0 = Release|Any CPU
	EndGlobalSection
	GlobalSection(SolutionProperties) = preSolution
		HideSolutionNode = FALSE
	EndGlobalSection
	GlobalSection(ExtensibilityGlobals) = postSolution
		SolutionGuid = {994302CD-4FC0-4166-A987-E9B53C9ABDC0}
	EndGlobalSection
EndGlobal
